
Microsoft Visual Studio Solution File, Format Version 12.00
# Visual Studio 2013
VisualStudioVersion = 12.0.31101.0
MinimumVisualStudioVersion = 10.0.40219.1
Project("{FAE04EC0-301F-11D3-BF4B-00C04F79EFBC}") = "01DifferenceBetweenDates", "01DifferenceBetweenDates\01DifferenceBetweenDates.csproj", "{B6A2A183-7DB8-41D7-93F6-18757C0FCF60}"
EndProject
Project("{FAE04EC0-301F-11D3-BF4B-00C04F79EFBC}") = "02SortingNumbers", "02SortingNumbers\02SortingNumbers.csproj", "{41BE6A1A-5AFC-44FE-B513-3678F4752993}"
EndProject
Project("{FAE04EC0-301F-11D3-BF4B-00C04F79EFBC}") = "03LongestAreaInArray", "03LongestAreaInArray\03LongestAreaInArray.csproj", "{D7DB7ED7-F71D-427A-A120-2AF8038BBC7B}"
EndProject
Project("{FAE04EC0-301F-11D3-BF4B-00C04F79EFBC}") = "05RemoveNames", "05RemoveNames\05RemoveNames.csproj", "{C5836859-E59C-498B-91DB-BFB9AD5DA90B}"
EndProject
Project("{FAE04EC0-301F-11D3-BF4B-00C04F79EFBC}") = "04MatrixOfPaledromes", "04MatrixOfPaledromes\04MatrixOfPaledromes.csproj", "{C60C27C0-8288-435F-B17E-A54DA01275A9}"
EndProject
Project("{FAE04EC0-301F-11D3-BF4B-00C04F79EFBC}") = "06JoinList", "06JoinList\06JoinList.csproj", "{057F5758-D34F-4EF1-BBBC-3A3E42D25B45}"
EndProject
Project("{FAE04EC0-301F-11D3-BF4B-00C04F79EFBC}") = "07LongestWordInText", "07LongestWordInText\07LongestWordInText.csproj", "{1934DE97-DA80-4A88-AB69-45BBB6A683F0}"
EndProject
Project("{FAE04EC0-301F-11D3-BF4B-00C04F79EFBC}") = "08ExtractURL-FromText", "08ExtractURL-FromText\08ExtractURL-FromText.csproj", "{BE4C77B1-179C-4DF7-93E4-D5DA6C7BAF0D}"
EndProject
Project("{FAE04EC0-301F-11D3-BF4B-00C04F79EFBC}") = "ConsoleApplication1", "ConsoleApplication1\ConsoleApplication1.csproj", "{5ED2B5D6-9163-43D9-B55D-0C319EDC0A78}"
EndProject
Project("{FAE04EC0-301F-11D3-BF4B-00C04F79EFBC}") = "ConsoleApplication2", "ConsoleApplication2\ConsoleApplication2.csproj", "{7EDB3E3E-725E-475B-95AC-05D70FE0744E}"
EndProject
Global
	GlobalSection(SolutionConfigurationPlatforms) = preSolution
		Debug|Any CPU = Debug|Any CPU
		Release|Any CPU = Release|Any CPU
	EndGlobalSection
	GlobalSection(ProjectConfigurationPlatforms) = postSolution
		{B6A2A183-7DB8-41D7-93F6-18757C0FCF60}.Debug|Any CPU.ActiveCfg = Debug|Any CPU
		{B6A2A183-7DB8-41D7-93F6-18757C0FCF60}.Debug|Any CPU.Build.0 = Debug|Any CPU
		{B6A2A183-7DB8-41D7-93F6-18757C0FCF60}.Release|Any CPU.ActiveCfg = Release|Any CPU
		{B6A2A183-7DB8-41D7-93F6-18757C0FCF60}.Release|Any CPU.Build.0 = Release|Any CPU
		{41BE6A1A-5AFC-44FE-B513-3678F4752993}.Debug|Any CPU.ActiveCfg = Debug|Any CPU
		{41BE6A1A-5AFC-44FE-B513-3678F4752993}.Debug|Any CPU.Build.0 = Debug|Any CPU
		{41BE6A1A-5AFC-44FE-B513-3678F4752993}.Release|Any CPU.ActiveCfg = Release|Any CPU
		{41BE6A1A-5AFC-44FE-B513-3678F4752993}.Release|Any CPU.Build.0 = Release|Any CPU
		{D7DB7ED7-F71D-427A-A120-2AF8038BBC7B}.Debug|Any CPU.ActiveCfg = Debug|Any CPU
		{D7DB7ED7-F71D-427A-A120-2AF8038BBC7B}.Debug|Any CPU.Build.0 = Debug|Any CPU
		{D7DB7ED7-F71D-427A-A120-2AF8038BBC7B}.Release|Any CPU.ActiveCfg = Release|Any CPU
		{D7DB7ED7-F71D-427A-A120-2AF8038BBC7B}.Release|Any CPU.Build.0 = Release|Any CPU
		{C5836859-E59C-498B-91DB-BFB9AD5DA90B}.Debug|Any CPU.ActiveCfg = Debug|Any CPU
		{C5836859-E59C-498B-91DB-BFB9AD5DA90B}.Debug|Any CPU.Build.0 = Debug|Any CPU
		{C5836859-E59C-498B-91DB-BFB9AD5DA90B}.Release|Any CPU.ActiveCfg = Release|Any CPU
		{C5836859-E59C-498B-91DB-BFB9AD5DA90B}.Release|Any CPU.Build.0 = Release|Any CPU
		{C60C27C0-8288-435F-B17E-A54DA01275A9}.Debug|Any CPU.ActiveCfg = Debug|Any CPU
		{C60C27C0-8288-435F-B17E-A54DA01275A9}.Debug|Any CPU.Build.0 = Debug|Any CPU
		{C60C27C0-8288-435F-B17E-A54DA01275A9}.Release|Any CPU.ActiveCfg = Release|Any CPU
		{C60C27C0-8288-435F-B17E-A54DA01275A9}.Release|Any CPU.Build.0 = Release|Any CPU
		{057F5758-D34F-4EF1-BBBC-3A3E42D25B45}.Debug|Any CPU.ActiveCfg = Debug|Any CPU
		{057F5758-D34F-4EF1-BBBC-3A3E42D25B45}.Debug|Any CPU.Build.0 = Debug|Any CPU
		{057F5758-D34F-4EF1-BBBC-3A3E42D25B45}.Release|Any CPU.ActiveCfg = Release|Any CPU
		{057F5758-D34F-4EF1-BBBC-3A3E42D25B45}.Release|Any CPU.Build.0 = Release|Any CPU
		{1934DE97-DA80-4A88-AB69-45BBB6A683F0}.Debug|Any CPU.ActiveCfg = Debug|Any CPU
		{1934DE97-DA80-4A88-AB69-45BBB6A683F0}.Debug|Any CPU.Build.0 = Debug|Any CPU
		{1934DE97-DA80-4A88-AB69-45BBB6A683F0}.Release|Any CPU.ActiveCfg = Release|Any CPU
		{1934DE97-DA80-4A88-AB69-45BBB6A683F0}.Release|Any CPU.Build.0 = Release|Any CPU
		{BE4C77B1-179C-4DF7-93E4-D5DA6C7BAF0D}.Debug|Any CPU.ActiveCfg = Debug|Any CPU
		{BE4C77B1-179C-4DF7-93E4-D5DA6C7BAF0D}.Debug|Any CPU.Build.0 = Debug|Any CPU
		{BE4C77B1-179C-4DF7-93E4-D5DA6C7BAF0D}.Release|Any CPU.ActiveCfg = Release|Any CPU
		{BE4C77B1-179C-4DF7-93E4-D5DA6C7BAF0D}.Release|Any CPU.Build.0 = Release|Any CPU
		{5ED2B5D6-9163-43D9-B55D-0C319EDC0A78}.Debug|Any CPU.ActiveCfg = Debug|Any CPU
		{5ED2B5D6-9163-43D9-B55D-0C319EDC0A78}.Debug|Any CPU.Build.0 = Debug|Any CPU
		{5ED2B5D6-9163-43D9-B55D-0C319EDC0A78}.Release|Any CPU.ActiveCfg = Release|Any CPU
		{5ED2B5D6-9163-43D9-B55D-0C319EDC0A78}.Release|Any CPU.Build.0 = Release|Any CPU
		{7EDB3E3E-725E-475B-95AC-05D70FE0744E}.Debug|Any CPU.ActiveCfg = Debug|Any CPU
		{7EDB3E3E-725E-475B-95AC-05D70FE0744E}.Debug|Any CPU.Build.0 = Debug|Any CPU
		{7EDB3E3E-725E-475B-95AC-05D70FE0744E}.Release|Any CPU.ActiveCfg = Release|Any CPU
		{7EDB3E3E-725E-475B-95AC-05D70FE0744E}.Release|Any CPU.Build.0 = Release|Any CPU
	EndGlobalSection
	GlobalSection(SolutionProperties) = preSolution
		HideSolutionNode = FALSE
	EndGlobalSection
EndGlobal
