
Microsoft Visual Studio Solution File, Format Version 12.00
# Visual Studio 2013
VisualStudioVersion = 12.0.31101.0
MinimumVisualStudioVersion = 10.0.40219.1
Project("{FAE04EC0-301F-11D3-BF4B-00C04F79EFBC}") = "01Persons", "01Persons\01Persons.csproj", "{F2A2B234-410B-4A67-9386-F48F7112255F}"
EndProject
Project("{FAE04EC0-301F-11D3-BF4B-00C04F79EFBC}") = "LaptopShop", "LaptopShop\LaptopShop.csproj", "{E0C8B274-4350-4B84-ACA0-0AEEA6D41BBE}"
EndProject
Project("{FAE04EC0-301F-11D3-BF4B-00C04F79EFBC}") = "Catalog", "Catalog\Catalog.csproj", "{338C2433-208B-43E1-9777-5DF3571FC8F8}"
EndProject
Global
	GlobalSection(SolutionConfigurationPlatforms) = preSolution
		Debug|Any CPU = Debug|Any CPU
		Release|Any CPU = Release|Any CPU
	EndGlobalSection
	GlobalSection(ProjectConfigurationPlatforms) = postSolution
		{F2A2B234-410B-4A67-9386-F48F7112255F}.Debug|Any CPU.ActiveCfg = Debug|Any CPU
		{F2A2B234-410B-4A67-9386-F48F7112255F}.Debug|Any CPU.Build.0 = Debug|Any CPU
		{F2A2B234-410B-4A67-9386-F48F7112255F}.Release|Any CPU.ActiveCfg = Release|Any CPU
		{F2A2B234-410B-4A67-9386-F48F7112255F}.Release|Any CPU.Build.0 = Release|Any CPU
		{E0C8B274-4350-4B84-ACA0-0AEEA6D41BBE}.Debug|Any CPU.ActiveCfg = Debug|Any CPU
		{E0C8B274-4350-4B84-ACA0-0AEEA6D41BBE}.Debug|Any CPU.Build.0 = Debug|Any CPU
		{E0C8B274-4350-4B84-ACA0-0AEEA6D41BBE}.Release|Any CPU.ActiveCfg = Release|Any CPU
		{E0C8B274-4350-4B84-ACA0-0AEEA6D41BBE}.Release|Any CPU.Build.0 = Release|Any CPU
		{338C2433-208B-43E1-9777-5DF3571FC8F8}.Debug|Any CPU.ActiveCfg = Debug|Any CPU
		{338C2433-208B-43E1-9777-5DF3571FC8F8}.Debug|Any CPU.Build.0 = Debug|Any CPU
		{338C2433-208B-43E1-9777-5DF3571FC8F8}.Release|Any CPU.ActiveCfg = Release|Any CPU
		{338C2433-208B-43E1-9777-5DF3571FC8F8}.Release|Any CPU.Build.0 = Release|Any CPU
	EndGlobalSection
	GlobalSection(SolutionProperties) = preSolution
		HideSolutionNode = FALSE
	EndGlobalSection
EndGlobal
